Microsoft Visual Studio Solution File, Format Version 12.00
# Visual Studio 2012
Project("{FAE04EC0-301F-11D3-BF4B-00C04F79EFBC}") = "Santa", "Santa.csproj", "{B59EC46E-472B-4C82-9DE3-94790276CF7D}"
EndProject
Global
	GlobalSection(SolutionConfigurationPlatforms) = preSolution
	Debug|Any CPU = Debug|Any CPU
	ExportDebug|Any CPU = ExportDebug|Any CPU
	ExportRelease|Any CPU = ExportRelease|Any CPU
	EndGlobalSection
	GlobalSection(ProjectConfigurationPlatforms) = postSolution
		{B59EC46E-472B-4C82-9DE3-94790276CF7D}.Debug|Any CPU.ActiveCfg = Debug|Any CPU
		{B59EC46E-472B-4C82-9DE3-94790276CF7D}.Debug|Any CPU.Build.0 = Debug|Any CPU
		{B59EC46E-472B-4C82-9DE3-94790276CF7D}.ExportDebug|Any CPU.ActiveCfg = ExportDebug|Any CPU
		{B59EC46E-472B-4C82-9DE3-94790276CF7D}.ExportDebug|Any CPU.Build.0 = ExportDebug|Any CPU
		{B59EC46E-472B-4C82-9DE3-94790276CF7D}.ExportRelease|Any CPU.ActiveCfg = ExportRelease|Any CPU
		{B59EC46E-472B-4C82-9DE3-94790276CF7D}.ExportRelease|Any CPU.Build.0 = ExportRelease|Any CPU
	EndGlobalSection
EndGlobal
